// !$*UTF8*$!
{
	archiveVersion = 1;
	classes = {
	};
	objectVersion = 46;
	objects = {

/* Begin PBXBuildFile section */
		983DFEA51CDB410D00D39731 /* Container+SwinjectStoryboard.swift in Sources */ = {isa = PBXBuildFile; fileRef = 983DFE9F1CDB410D00D39731 /* Container+SwinjectStoryboard.swift */; };
		983DFEAB1CDB410D00D39731 /* SwinjectStoryboard.swift in Sources */ = {isa = PBXBuildFile; fileRef = 983DFEA11CDB410D00D39731 /* SwinjectStoryboard.swift */; };
		983DFEAE1CDB410D00D39731 /* SwinjectStoryboardOption.swift in Sources */ = {isa = PBXBuildFile; fileRef = 983DFEA21CDB410D00D39731 /* SwinjectStoryboardOption.swift */; };
		983DFEB41CDB410D00D39731 /* ViewController+Swinject.swift in Sources */ = {isa = PBXBuildFile; fileRef = 983DFEA41CDB410D00D39731 /* ViewController+Swinject.swift */; };
		983DFEBC1CDB414900D39731 /* _SwinjectStoryboardBase.h in Headers */ = {isa = PBXBuildFile; fileRef = 983DFEBA1CDB414900D39731 /* _SwinjectStoryboardBase.h */; settings = {ATTRIBUTES = (Public, ); }; };
		983DFEBE1CDB414900D39731 /* _SwinjectStoryboardBase.m in Sources */ = {isa = PBXBuildFile; fileRef = 983DFEBB1CDB414900D39731 /* _SwinjectStoryboardBase.m */; };
		983DFF0B1CDB440800D39731 /* Box.swift in Sources */ = {isa = PBXBuildFile; fileRef = 983DFF0A1CDB440800D39731 /* Box.swift */; };
		983DFF0F1CDB444E00D39731 /* RegistrationNameAssociatable.swift in Sources */ = {isa = PBXBuildFile; fileRef = 983DFF0E1CDB444E00D39731 /* RegistrationNameAssociatable.swift */; };
		9859040A1CDB0AA700275E4A /* SwinjectStoryboard.h in Headers */ = {isa = PBXBuildFile; fileRef = 985904091CDB0AA700275E4A /* SwinjectStoryboard.h */; settings = {ATTRIBUTES = (Public, ); }; };
		98978E681DFC354B0046B966 /* UnavailableItems.swift in Sources */ = {isa = PBXBuildFile; fileRef = 98978E671DFC354B0046B966 /* UnavailableItems.swift */; };
		CD2C63AA1D7864840075BC14 /* SwinjectStoryboard+StoryboardReference.swift in Sources */ = {isa = PBXBuildFile; fileRef = CD2C63A91D7864840075BC14 /* SwinjectStoryboard+StoryboardReference.swift */; };
		CD3AB1B21DC3A94A001A45FA /* InjectionVerifiable.swift in Sources */ = {isa = PBXBuildFile; fileRef = CD3AB1B11DC3A94A001A45FA /* InjectionVerifiable.swift */; };
		CDA864931EA9F17A00293FEC /* Swinject.framework in Frameworks */ = {isa = PBXBuildFile; fileRef = CDA864921EA9F17A00293FEC /* Swinject.framework */; };
		FF492DA61EDA490F0081A4A7 /* SwinjectStoryboard+SetUp.m in Sources */ = {isa = PBXBuildFile; fileRef = FF492DA21EDA490F0081A4A7 /* SwinjectStoryboard+SetUp.m */; };
		FF492DB51EDA65E30081A4A7 /* UIStoryboard+Swizzling.h in Headers */ = {isa = PBXBuildFile; fileRef = FF492DB31EDA65E30081A4A7 /* UIStoryboard+Swizzling.h */; };
		FF492DB71EDA65E30081A4A7 /* UIStoryboard+Swizzling.m in Sources */ = {isa = PBXBuildFile; fileRef = FF492DB41EDA65E30081A4A7 /* UIStoryboard+Swizzling.m */; };
		FF8304DD1ECE7A3400D44CC2 /* SwinjectStoryboardProtocol.h in Headers */ = {isa = PBXBuildFile; fileRef = FF8304DC1ECE792300D44CC2 /* SwinjectStoryboardProtocol.h */; settings = {ATTRIBUTES = (Public, ); }; };
/* End PBXBuildFile section */

/* Begin PBXFileReference section */
		983DFE9F1CDB410D00D39731 /* Container+SwinjectStoryboard.swift */ = {isa = PBXFileReference; fileEncoding = 4; lastKnownFileType = sourcecode.swift; path = "Container+SwinjectStoryboard.swift"; sourceTree = "<group>"; };
		983DFEA11CDB410D00D39731 /* SwinjectStoryboard.swift */ = {isa = PBXFileReference; fileEncoding = 4; lastKnownFileType = sourcecode.swift; path = SwinjectStoryboard.swift; sourceTree = "<group>"; };
		983DFEA21CDB410D00D39731 /* SwinjectStoryboardOption.swift */ = {isa = PBXFileReference; fileEncoding = 4; lastKnownFileType = sourcecode.swift; path = SwinjectStoryboardOption.swift; sourceTree = "<group>"; };
		983DFEA41CDB410D00D39731 /* ViewController+Swinject.swift */ = {isa = PBXFileReference; fileEncoding = 4; lastKnownFileType = sourcecode.swift; path = "ViewController+Swinject.swift"; sourceTree = "<group>"; };
		983DFEBA1CDB414900D39731 /* _SwinjectStoryboardBase.h */ = {isa = PBXFileReference; fileEncoding = 4; lastKnownFileType = sourcecode.c.h; path = _SwinjectStoryboardBase.h; sourceTree = "<group>"; };
		983DFEBB1CDB414900D39731 /* _SwinjectStoryboardBase.m */ = {isa = PBXFileReference; fileEncoding = 4; lastKnownFileType = sourcecode.c.objc; path = _SwinjectStoryboardBase.m; sourceTree = "<group>"; };
		983DFF0A1CDB440800D39731 /* Box.swift */ = {isa = PBXFileReference; fileEncoding = 4; lastKnownFileType = sourcecode.swift; path = Box.swift; sourceTree = "<group>"; };
		983DFF0E1CDB444E00D39731 /* RegistrationNameAssociatable.swift */ = {isa = PBXFileReference; fileEncoding = 4; lastKnownFileType = sourcecode.swift; path = RegistrationNameAssociatable.swift; sourceTree = "<group>"; };
		985904061CDB0AA700275E4A /* SwinjectStoryboard.framework */ = {isa = PBXFileReference; explicitFileType = wrapper.framework; includeInIndex = 0; path = SwinjectStoryboard.framework; sourceTree = BUILT_PRODUCTS_DIR; };
		985904091CDB0AA700275E4A /* SwinjectStoryboard.h */ = {isa = PBXFileReference; lastKnownFileType = sourcecode.c.h; path = SwinjectStoryboard.h; sourceTree = "<group>"; };
		9859040B1CDB0AA700275E4A /* Info.plist */ = {isa = PBXFileReference; lastKnownFileType = text.plist.xml; path = Info.plist; sourceTree = "<group>"; };
		98978E671DFC354B0046B966 /* UnavailableItems.swift */ = {isa = PBXFileReference; fileEncoding = 4; lastKnownFileType = sourcecode.swift; path = UnavailableItems.swift; sourceTree = "<group>"; };
		98D562B21CDB1E8800DECDC0 /* Common.xcconfig */ = {isa = PBXFileReference; fileEncoding = 4; lastKnownFileType = text.xcconfig; path = Common.xcconfig; sourceTree = "<group>"; };
		98D562B41CDB1E8800DECDC0 /* Debug.xcconfig */ = {isa = PBXFileReference; fileEncoding = 4; lastKnownFileType = text.xcconfig; path = Debug.xcconfig; sourceTree = "<group>"; };
		98D562B51CDB1E8800DECDC0 /* Profile.xcconfig */ = {isa = PBXFileReference; fileEncoding = 4; lastKnownFileType = text.xcconfig; path = Profile.xcconfig; sourceTree = "<group>"; };
		98D562B61CDB1E8800DECDC0 /* Release.xcconfig */ = {isa = PBXFileReference; fileEncoding = 4; lastKnownFileType = text.xcconfig; path = Release.xcconfig; sourceTree = "<group>"; };
		98D562B71CDB1E8800DECDC0 /* Test.xcconfig */ = {isa = PBXFileReference; fileEncoding = 4; lastKnownFileType = text.xcconfig; path = Test.xcconfig; sourceTree = "<group>"; };
		98D562B91CDB1E8800DECDC0 /* Application.xcconfig */ = {isa = PBXFileReference; fileEncoding = 4; lastKnownFileType = text.xcconfig; path = Application.xcconfig; sourceTree = "<group>"; };
		98D562BA1CDB1E8800DECDC0 /* Framework.xcconfig */ = {isa = PBXFileReference; fileEncoding = 4; lastKnownFileType = text.xcconfig; path = Framework.xcconfig; sourceTree = "<group>"; };
		98D562BB1CDB1E8800DECDC0 /* StaticLibrary.xcconfig */ = {isa = PBXFileReference; fileEncoding = 4; lastKnownFileType = text.xcconfig; path = StaticLibrary.xcconfig; sourceTree = "<group>"; };
		98D562BD1CDB1E8800DECDC0 /* iOS-Application.xcconfig */ = {isa = PBXFileReference; fileEncoding = 4; lastKnownFileType = text.xcconfig; path = "iOS-Application.xcconfig"; sourceTree = "<group>"; };
		98D562BE1CDB1E8800DECDC0 /* iOS-Base.xcconfig */ = {isa = PBXFileReference; fileEncoding = 4; lastKnownFileType = text.xcconfig; path = "iOS-Base.xcconfig"; sourceTree = "<group>"; };
		98D562BF1CDB1E8800DECDC0 /* iOS-Framework.xcconfig */ = {isa = PBXFileReference; fileEncoding = 4; lastKnownFileType = text.xcconfig; path = "iOS-Framework.xcconfig"; sourceTree = "<group>"; };
		98D562C01CDB1E8800DECDC0 /* iOS-StaticLibrary.xcconfig */ = {isa = PBXFileReference; fileEncoding = 4; lastKnownFileType = text.xcconfig; path = "iOS-StaticLibrary.xcconfig"; sourceTree = "<group>"; };
		CD2C63A91D7864840075BC14 /* SwinjectStoryboard+StoryboardReference.swift */ = {isa = PBXFileReference; fileEncoding = 4; lastKnownFileType = sourcecode.swift; path = "SwinjectStoryboard+StoryboardReference.swift"; sourceTree = "<group>"; };
		CD3AB1B11DC3A94A001A45FA /* InjectionVerifiable.swift */ = {isa = PBXFileReference; fileEncoding = 4; lastKnownFileType = sourcecode.swift; path = InjectionVerifiable.swift; sourceTree = "<group>"; };
		CDA864921EA9F17A00293FEC /* Swinject.framework */ = {isa = PBXFileReference; lastKnownFileType = wrapper.framework; name = Swinject.framework; path = Carthage/Build/iOS/Swinject.framework; sourceTree = "<group>"; };
		CDA864941EA9F19400293FEC /* Swinject.framework */ = {isa = PBXFileReference; lastKnownFileType = wrapper.framework; name = Swinject.framework; path = Carthage/Build/Mac/Swinject.framework; sourceTree = "<group>"; };
		CDA864961EA9F1A000293FEC /* Swinject.framework */ = {isa = PBXFileReference; lastKnownFileType = wrapper.framework; name = Swinject.framework; path = Carthage/Build/tvOS/Swinject.framework; sourceTree = "<group>"; };
		CDA864981EA9F1B600293FEC /* Nimble.framework */ = {isa = PBXFileReference; lastKnownFileType = wrapper.framework; name = Nimble.framework; path = Carthage/Build/iOS/Nimble.framework; sourceTree = "<group>"; };
		CDA864991EA9F1B600293FEC /* Quick.framework */ = {isa = PBXFileReference; lastKnownFileType = wrapper.framework; name = Quick.framework; path = Carthage/Build/iOS/Quick.framework; sourceTree = "<group>"; };
		CDA864AA1EA9F25C00293FEC /* Quick.framework */ = {isa = PBXFileReference; lastKnownFileType = wrapper.framework; name = Quick.framework; path = Carthage/Build/Mac/Quick.framework; sourceTree = "<group>"; };
		CDA864B11EA9F28E00293FEC /* Nimble.framework */ = {isa = PBXFileReference; lastKnownFileType = wrapper.framework; name = Nimble.framework; path = Carthage/Build/Mac/Nimble.framework; sourceTree = "<group>"; };
		CDA864B41EA9F29E00293FEC /* Nimble.framework */ = {isa = PBXFileReference; lastKnownFileType = wrapper.framework; name = Nimble.framework; path = Carthage/Build/tvOS/Nimble.framework; sourceTree = "<group>"; };
		CDA864B51EA9F29E00293FEC /* Quick.framework */ = {isa = PBXFileReference; lastKnownFileType = wrapper.framework; name = Quick.framework; path = Carthage/Build/tvOS/Quick.framework; sourceTree = "<group>"; };
		FF492DA21EDA490F0081A4A7 /* SwinjectStoryboard+SetUp.m */ = {isa = PBXFileReference; fileEncoding = 4; lastKnownFileType = sourcecode.c.objc; path = "SwinjectStoryboard+SetUp.m"; sourceTree = "<group>"; };
		FF492DB31EDA65E30081A4A7 /* UIStoryboard+Swizzling.h */ = {isa = PBXFileReference; fileEncoding = 4; lastKnownFileType = sourcecode.c.h; path = "UIStoryboard+Swizzling.h"; sourceTree = "<group>"; };
		FF492DB41EDA65E30081A4A7 /* UIStoryboard+Swizzling.m */ = {isa = PBXFileReference; fileEncoding = 4; lastKnownFileType = sourcecode.c.objc; path = "UIStoryboard+Swizzling.m"; sourceTree = "<group>"; };
		FF8304DC1ECE792300D44CC2 /* SwinjectStoryboardProtocol.h */ = {isa = PBXFileReference; lastKnownFileType = sourcecode.c.h; path = SwinjectStoryboardProtocol.h; sourceTree = "<group>"; };
/* End PBXFileReference section */

/* Begin PBXFrameworksBuildPhase section */
		985904021CDB0AA700275E4A /* Frameworks */ = {
			isa = PBXFrameworksBuildPhase;
			buildActionMask = 2147483647;
			files = (
				CDA864931EA9F17A00293FEC /* Swinject.framework in Frameworks */,
			);
			runOnlyForDeploymentPostprocessing = 0;
		};
/* End PBXFrameworksBuildPhase section */

/* Begin PBXGroup section */
		983DFEB91CDB414900D39731 /* iOS-tvOS */ = {
			isa = PBXGroup;
			children = (
				983DFEBA1CDB414900D39731 /* _SwinjectStoryboardBase.h */,
				983DFEBB1CDB414900D39731 /* _SwinjectStoryboardBase.m */,
				FF492DB31EDA65E30081A4A7 /* UIStoryboard+Swizzling.h */,
				FF492DB41EDA65E30081A4A7 /* UIStoryboard+Swizzling.m */,
			);
			path = "iOS-tvOS";
			sourceTree = "<group>";
		};
		985903FC1CDB0AA700275E4A = {
			isa = PBXGroup;
			children = (
				985904081CDB0AA700275E4A /* Sources */,
				985904071CDB0AA700275E4A /* Products */,
				98D562AF1CDB1E8800DECDC0 /* Configurations */,
				CDA864911EA9F17900293FEC /* Frameworks */,
			);
			sourceTree = "<group>";
		};
		985904071CDB0AA700275E4A /* Products */ = {
			isa = PBXGroup;
			children = (
				985904061CDB0AA700275E4A /* SwinjectStoryboard.framework */,
			);
			name = Products;
			sourceTree = "<group>";
		};
		985904081CDB0AA700275E4A /* Sources */ = {
			isa = PBXGroup;
			children = (
				983DFEB91CDB414900D39731 /* iOS-tvOS */,
				983DFE9F1CDB410D00D39731 /* Container+SwinjectStoryboard.swift */,
				983DFEA21CDB410D00D39731 /* SwinjectStoryboardOption.swift */,
				FF8304DC1ECE792300D44CC2 /* SwinjectStoryboardProtocol.h */,
				983DFEA11CDB410D00D39731 /* SwinjectStoryboard.swift */,
				FF492DA21EDA490F0081A4A7 /* SwinjectStoryboard+SetUp.m */,
				983DFEA41CDB410D00D39731 /* ViewController+Swinject.swift */,
				983DFF0A1CDB440800D39731 /* Box.swift */,
				CD3AB1B11DC3A94A001A45FA /* InjectionVerifiable.swift */,
				983DFF0E1CDB444E00D39731 /* RegistrationNameAssociatable.swift */,
				CD2C63A91D7864840075BC14 /* SwinjectStoryboard+StoryboardReference.swift */,
				98978E671DFC354B0046B966 /* UnavailableItems.swift */,
				985904091CDB0AA700275E4A /* SwinjectStoryboard.h */,
				9859040B1CDB0AA700275E4A /* Info.plist */,
			);
			path = Sources;
			sourceTree = "<group>";
		};
		98D562AF1CDB1E8800DECDC0 /* Configurations */ = {
			isa = PBXGroup;
			children = (
				98D562B11CDB1E8800DECDC0 /* Base */,
				98D562BC1CDB1E8800DECDC0 /* iOS */,
			);
			path = Configurations;
			sourceTree = "<group>";
		};
		98D562B11CDB1E8800DECDC0 /* Base */ = {
			isa = PBXGroup;
			children = (
				98D562B21CDB1E8800DECDC0 /* Common.xcconfig */,
				98D562B31CDB1E8800DECDC0 /* Configurations */,
				98D562B81CDB1E8800DECDC0 /* Targets */,
			);
			path = Base;
			sourceTree = "<group>";
		};
		98D562B31CDB1E8800DECDC0 /* Configurations */ = {
			isa = PBXGroup;
			children = (
				98D562B41CDB1E8800DECDC0 /* Debug.xcconfig */,
				98D562B51CDB1E8800DECDC0 /* Profile.xcconfig */,
				98D562B61CDB1E8800DECDC0 /* Release.xcconfig */,
				98D562B71CDB1E8800DECDC0 /* Test.xcconfig */,
			);
			path = Configurations;
			sourceTree = "<group>";
		};
		98D562B81CDB1E8800DECDC0 /* Targets */ = {
			isa = PBXGroup;
			children = (
				98D562B91CDB1E8800DECDC0 /* Application.xcconfig */,
				98D562BA1CDB1E8800DECDC0 /* Framework.xcconfig */,
				98D562BB1CDB1E8800DECDC0 /* StaticLibrary.xcconfig */,
			);
			path = Targets;
			sourceTree = "<group>";
		};
		98D562BC1CDB1E8800DECDC0 /* iOS */ = {
			isa = PBXGroup;
			children = (
				98D562BD1CDB1E8800DECDC0 /* iOS-Application.xcconfig */,
				98D562BE1CDB1E8800DECDC0 /* iOS-Base.xcconfig */,
				98D562BF1CDB1E8800DECDC0 /* iOS-Framework.xcconfig */,
				98D562C01CDB1E8800DECDC0 /* iOS-StaticLibrary.xcconfig */,
			);
			path = iOS;
			sourceTree = "<group>";
		};
		CDA864911EA9F17900293FEC /* Frameworks */ = {
			isa = PBXGroup;
			children = (
				CDA864B41EA9F29E00293FEC /* Nimble.framework */,
				CDA864B51EA9F29E00293FEC /* Quick.framework */,
				CDA864B11EA9F28E00293FEC /* Nimble.framework */,
				CDA864AA1EA9F25C00293FEC /* Quick.framework */,
				CDA864981EA9F1B600293FEC /* Nimble.framework */,
				CDA864991EA9F1B600293FEC /* Quick.framework */,
				CDA864961EA9F1A000293FEC /* Swinject.framework */,
				CDA864941EA9F19400293FEC /* Swinject.framework */,
				CDA864921EA9F17A00293FEC /* Swinject.framework */,
			);
			name = Frameworks;
			sourceTree = "<group>";
		};
/* End PBXGroup section */

/* Begin PBXHeadersBuildPhase section */
		985904031CDB0AA700275E4A /* Headers */ = {
			isa = PBXHeadersBuildPhase;
			buildActionMask = 2147483647;
			files = (
				FF8304DD1ECE7A3400D44CC2 /* SwinjectStoryboardProtocol.h in Headers */,
				FF492DB51EDA65E30081A4A7 /* UIStoryboard+Swizzling.h in Headers */,
				9859040A1CDB0AA700275E4A /* SwinjectStoryboard.h in Headers */,
				983DFEBC1CDB414900D39731 /* _SwinjectStoryboardBase.h in Headers */,
			);
			runOnlyForDeploymentPostprocessing = 0;
		};
/* End PBXHeadersBuildPhase section */

/* Begin PBXNativeTarget section */
		985904051CDB0AA700275E4A /* SwinjectStoryboard-iOS */ = {
			isa = PBXNativeTarget;
			buildConfigurationList = 9859041A1CDB0AA700275E4A /* Build configuration list for PBXNativeTarget "SwinjectStoryboard-iOS" */;
			buildPhases = (
				985904011CDB0AA700275E4A /* Sources */,
				985904021CDB0AA700275E4A /* Frameworks */,
				985904031CDB0AA700275E4A /* Headers */,
				985904041CDB0AA700275E4A /* Resources */,
			);
			buildRules = (
			);
			dependencies = (
			);
			name = "SwinjectStoryboard-iOS";
			productName = SwinjectStoryboard;
			productReference = 985904061CDB0AA700275E4A /* SwinjectStoryboard.framework */;
			productType = "com.apple.product-type.framework";
		};
/* End PBXNativeTarget section */

/* Begin PBXProject section */
		985903FD1CDB0AA700275E4A /* Project object */ = {
			isa = PBXProject;
			attributes = {
				LastSwiftUpdateCheck = 0730;
				LastUpgradeCheck = 1010;
				ORGANIZATIONNAME = "Swinject Contributors";
				TargetAttributes = {
					985904051CDB0AA700275E4A = {
						CreatedOnToolsVersion = 7.3.1;
						LastSwiftMigration = 1100;
						ProvisioningStyle = Manual;
					};
				};
			};
			buildConfigurationList = 985904001CDB0AA700275E4A /* Build configuration list for PBXProject "SwinjectStoryboard" */;
			compatibilityVersion = "Xcode 3.2";
			developmentRegion = en;
			hasScannedForEncodings = 0;
			knownRegions = (
				en,
				Base,
			);
			mainGroup = 985903FC1CDB0AA700275E4A;
			productRefGroup = 985904071CDB0AA700275E4A /* Products */;
			projectDirPath = "";
			projectRoot = "";
			targets = (
				985904051CDB0AA700275E4A /* SwinjectStoryboard-iOS */,
			);
		};
/* End PBXProject section */

/* Begin PBXResourcesBuildPhase section */
		985904041CDB0AA700275E4A /* Resources */ = {
			isa = PBXResourcesBuildPhase;
			buildActionMask = 2147483647;
			files = (
			);
			runOnlyForDeploymentPostprocessing = 0;
		};
/* End PBXResourcesBuildPhase section */

/* Begin PBXSourcesBuildPhase section */
		985904011CDB0AA700275E4A /* Sources */ = {
			isa = PBXSourcesBuildPhase;
			buildActionMask = 2147483647;
			files = (
				983DFEA51CDB410D00D39731 /* Container+SwinjectStoryboard.swift in Sources */,
				FF492DA61EDA490F0081A4A7 /* SwinjectStoryboard+SetUp.m in Sources */,
				CD3AB1B21DC3A94A001A45FA /* InjectionVerifiable.swift in Sources */,
				98978E681DFC354B0046B966 /* UnavailableItems.swift in Sources */,
				983DFEAE1CDB410D00D39731 /* SwinjectStoryboardOption.swift in Sources */,
				983DFF0F1CDB444E00D39731 /* RegistrationNameAssociatable.swift in Sources */,
				983DFEAB1CDB410D00D39731 /* SwinjectStoryboard.swift in Sources */,
				CD2C63AA1D7864840075BC14 /* SwinjectStoryboard+StoryboardReference.swift in Sources */,
				983DFF0B1CDB440800D39731 /* Box.swift in Sources */,
				983DFEBE1CDB414900D39731 /* _SwinjectStoryboardBase.m in Sources */,
				FF492DB71EDA65E30081A4A7 /* UIStoryboard+Swizzling.m in Sources */,
				983DFEB41CDB410D00D39731 /* ViewController+Swinject.swift in Sources */,
			);
			runOnlyForDeploymentPostprocessing = 0;
		};
/* End PBXSourcesBuildPhase section */

/* Begin XCBuildConfiguration section */
		985904181CDB0AA700275E4A /* Debug */ = {
			isa = XCBuildConfiguration;
			baseConfigurationReference = 98D562B41CDB1E8800DECDC0 /* Debug.xcconfig */;
			buildSettings = {
				CLANG_WARN_INFINITE_RECURSION = YES;
				CLANG_WARN_SUSPICIOUS_MOVE = YES;
				CODE_SIGNING_REQUIRED = NO;
				CURRENT_PROJECT_VERSION = 1;
				ENABLE_TESTABILITY = YES;
				GCC_NO_COMMON_BLOCKS = YES;
				IPHONEOS_DEPLOYMENT_TARGET = 8.0;
				MACOSX_DEPLOYMENT_TARGET = 10.10;
				MTL_ENABLE_DEBUG_INFO = YES;
				SWIFT_VERSION = 4.2;
				TARGETED_DEVICE_FAMILY = "1,2";
				TVOS_DEPLOYMENT_TARGET = 9.0;
				VERSIONING_SYSTEM = "apple-generic";
				VERSION_INFO_PREFIX = "";
			};
			name = Debug;
		};
		985904191CDB0AA700275E4A /* Release */ = {
			isa = XCBuildConfiguration;
			baseConfigurationReference = 98D562B61CDB1E8800DECDC0 /* Release.xcconfig */;
			buildSettings = {
				CLANG_WARN_INFINITE_RECURSION = YES;
				CLANG_WARN_SUSPICIOUS_MOVE = YES;
				CODE_SIGNING_REQUIRED = NO;
				CURRENT_PROJECT_VERSION = 1;
				GCC_NO_COMMON_BLOCKS = YES;
				IPHONEOS_DEPLOYMENT_TARGET = 8.0;
				MACOSX_DEPLOYMENT_TARGET = 10.10;
				MTL_ENABLE_DEBUG_INFO = NO;
				SWIFT_COMPILATION_MODE = wholemodule;
				SWIFT_VERSION = 4.2;
				TARGETED_DEVICE_FAMILY = "1,2";
				TVOS_DEPLOYMENT_TARGET = 9.0;
				VERSIONING_SYSTEM = "apple-generic";
				VERSION_INFO_PREFIX = "";
			};
			name = Release;
		};
		9859041B1CDB0AA700275E4A /* Debug */ = {
			isa = XCBuildConfiguration;
			baseConfigurationReference = 98D562BF1CDB1E8800DECDC0 /* iOS-Framework.xcconfig */;
			buildSettings = {
				CLANG_ENABLE_MODULES = YES;
				DEFINES_MODULE = YES;
				DYLIB_COMPATIBILITY_VERSION = 1;
				DYLIB_CURRENT_VERSION = 1;
				FRAMEWORK_SEARCH_PATHS = (
					"$(inherited)",
					"$(PROJECT_DIR)/Carthage/Build/iOS",
				);
				INFOPLIST_FILE = Sources/Info.plist;
				LD_RUNPATH_SEARCH_PATHS = "$(inherited) @executable_path/Frameworks @loader_path/Frameworks";
				PRODUCT_BUNDLE_IDENTIFIER = "com.el-eleven.SwinjectStoryboard";
				SWIFT_OPTIMIZATION_LEVEL = "-Onone";
				SWIFT_VERSION = 5.0;
			};
			name = Debug;
		};
		9859041C1CDB0AA700275E4A /* Release */ = {
			isa = XCBuildConfiguration;
			baseConfigurationReference = 98D562BF1CDB1E8800DECDC0 /* iOS-Framework.xcconfig */;
			buildSettings = {
				CLANG_ENABLE_MODULES = YES;
				DEFINES_MODULE = YES;
				DYLIB_COMPATIBILITY_VERSION = 1;
				DYLIB_CURRENT_VERSION = 1;
				FRAMEWORK_SEARCH_PATHS = (
					"$(inherited)",
					"$(PROJECT_DIR)/Carthage/Build/iOS",
				);
				INFOPLIST_FILE = Sources/Info.plist;
				LD_RUNPATH_SEARCH_PATHS = "$(inherited) @executable_path/Frameworks @loader_path/Frameworks";
				PRODUCT_BUNDLE_IDENTIFIER = "com.el-eleven.SwinjectStoryboard";
				SWIFT_VERSION = 5.0;
			};
			name = Release;
		};
/* End XCBuildConfiguration section */

/* Begin XCConfigurationList section */
		985904001CDB0AA700275E4A /* Build configuration list for PBXProject "SwinjectStoryboard" */ = {
			isa = XCConfigurationList;
			buildConfigurations = (
				985904181CDB0AA700275E4A /* Debug */,
				985904191CDB0AA700275E4A /* Release */,
			);
			defaultConfigurationIsVisible = 0;
			defaultConfigurationName = Release;
		};
		9859041A1CDB0AA700275E4A /* Build configuration list for PBXNativeTarget "SwinjectStoryboard-iOS" */ = {
			isa = XCConfigurationList;
			buildConfigurations = (
				9859041B1CDB0AA700275E4A /* Debug */,
				9859041C1CDB0AA700275E4A /* Release */,
			);
			defaultConfigurationIsVisible = 0;
			defaultConfigurationName = Release;
		};
/* End XCConfigurationList section */
	};
	rootObject = 985903FD1CDB0AA700275E4A /* Project object */;
}
